
Microsoft Visual Studio Solution File, Format Version 12.00
# Visual Studio Version 17
VisualStudioVersion = 17.10.34902.84
MinimumVisualStudioVersion = 10.0.40219.1
Project("{9A19103F-16F7-4668-BE54-9A1E7A4F7556}") = "MemosService", "MemosService.csproj", "{F21CAA63-5158-4616-AB5E-B6B92847A97B}"
EndProject
Global
	GlobalSection(SolutionConfigurationPlatforms) = preSolution
		Debug|Any CPU = Debug|Any CPU
		Release|Any CPU = Release|Any CPU
	EndGlobalSection
	GlobalSection(ProjectConfigurationPlatforms) = postSolution
		{F21CAA63-5158-4616-AB5E-B6B92847A97B}.Debug|Any CPU.ActiveCfg = Debug|Any CPU
		{F21CAA63-5158-4616-AB5E-B6B92847A97B}.Debug|Any CPU.Build.0 = Debug|Any CPU
		{F21CAA63-5158-4616-AB5E-B6B92847A97B}.Release|Any CPU.ActiveCfg = Release|Any CPU
		{F21CAA63-5158-4616-AB5E-B6B92847A97B}.Release|Any CPU.Build.0 = Release|Any CPU
	EndGlobalSection
	GlobalSection(SolutionProperties) = preSolution
		HideSolutionNode = FALSE
	EndGlobalSection
	GlobalSection(ExtensibilityGlobals) = postSolution
		SolutionGuid = {98E5D165-8B21-48BD-9615-C09505CDDB19}
	EndGlobalSection
EndGlobal
